
Microsoft Visual Studio Solution File, Format Version 12.00
# Visual Studio 14
VisualStudioVersion = 14.0.24720.0
MinimumVisualStudioVersion = 10.0.40219.1
Project("{FAE04EC0-301F-11D3-BF4B-00C04F79EFBC}") = "gl", "gl\gl.csproj", "{37066444-5B5C-4FA3-A2E2-3B91888988B9}"
EndProject
Project("{2150E333-8FDC-42A3-9474-1A3956D46DE8}") = "Solution Items", "Solution Items", "{1E45EA01-B5CD-42A3-90ED-5A4D57C6916F}"
EndProject
Global
	GlobalSection(SolutionConfigurationPlatforms) = preSolution
		Debug|Any CPU = Debug|Any CPU
		Release|Any CPU = Release|Any CPU
	EndGlobalSection
	GlobalSection(ProjectConfigurationPlatforms) = postSolution
		{37066444-5B5C-4FA3-A2E2-3B91888988B9}.Debug|Any CPU.ActiveCfg = Debug|Any CPU
		{37066444-5B5C-4FA3-A2E2-3B91888988B9}.Debug|Any CPU.Build.0 = Debug|Any CPU
		{37066444-5B5C-4FA3-A2E2-3B91888988B9}.Release|Any CPU.ActiveCfg = Release|Any CPU
		{37066444-5B5C-4FA3-A2E2-3B91888988B9}.Release|Any CPU.Build.0 = Release|Any CPU
	EndGlobalSection
	GlobalSection(SolutionProperties) = preSolution
		HideSolutionNode = FALSE
	EndGlobalSection
EndGlobal
